
Microsoft Visual Studio Solution File, Format Version 12.00
# Visual Studio Version 17
VisualStudioVersion = 17.14.36414.22
MinimumVisualStudioVersion = 10.0.40219.1
Project("{FAE04EC0-301F-11D3-BF4B-00C04F79EFBC}") = "01_MainSubjects", "01_MainSubjects\01_MainSubjects.csproj", "{4B5D8217-94FE-4090-82AE-62D689A6E080}"
EndProject
Project("{FAE04EC0-301F-11D3-BF4B-00C04F79EFBC}") = "02_Variables", "02_Variables\02_Variables.csproj", "{84AB5C9B-6A4A-486D-B0DD-00A682CE7F63}"
EndProject
Project("{FAE04EC0-301F-11D3-BF4B-00C04F79EFBC}") = "03_MakingDecision", "03_MakingDecision\03_MakingDecision.csproj", "{BDFF1A64-B2BD-419E-A94D-E76C93CD1DFD}"
EndProject
Project("{FAE04EC0-301F-11D3-BF4B-00C04F79EFBC}") = "04_Loops", "04_Loops\04_Loops.csproj", "{481D0815-3E1B-43B1-ACDD-2597699ACB66}"
EndProject
Project("{FAE04EC0-301F-11D3-BF4B-00C04F79EFBC}") = "05_LoopsWithStars", "05_LoopsWithStars\05_LoopsWithStars.csproj", "{2ABC4A39-83E7-42BF-A53B-47B2F4173F6C}"
EndProject
Project("{FAE04EC0-301F-11D3-BF4B-00C04F79EFBC}") = "06_Arrays", "06_Arrays\06_Arrays.csproj", "{E3E816D9-F84D-4C44-AA91-B8E92F2F9B7D}"
EndProject
Project("{FAE04EC0-301F-11D3-BF4B-00C04F79EFBC}") = "07_ForeachLoop", "07_ForeachLoop\07_ForeachLoop.csproj", "{DC31250C-FB3E-4124-AED8-AF86F7264749}"
EndProject
Project("{FAE04EC0-301F-11D3-BF4B-00C04F79EFBC}") = "08_Methods", "08_Methods\08_Methods.csproj", "{6A54573B-5ECD-4DF6-A5BA-3CD067513C01}"
EndProject
Global
	GlobalSection(SolutionConfigurationPlatforms) = preSolution
		Debug|Any CPU = Debug|Any CPU
		Release|Any CPU = Release|Any CPU
	EndGlobalSection
	GlobalSection(ProjectConfigurationPlatforms) = postSolution
		{4B5D8217-94FE-4090-82AE-62D689A6E080}.Debug|Any CPU.ActiveCfg = Debug|Any CPU
		{4B5D8217-94FE-4090-82AE-62D689A6E080}.Debug|Any CPU.Build.0 = Debug|Any CPU
		{4B5D8217-94FE-4090-82AE-62D689A6E080}.Release|Any CPU.ActiveCfg = Release|Any CPU
		{4B5D8217-94FE-4090-82AE-62D689A6E080}.Release|Any CPU.Build.0 = Release|Any CPU
		{84AB5C9B-6A4A-486D-B0DD-00A682CE7F63}.Debug|Any CPU.ActiveCfg = Debug|Any CPU
		{84AB5C9B-6A4A-486D-B0DD-00A682CE7F63}.Debug|Any CPU.Build.0 = Debug|Any CPU
		{84AB5C9B-6A4A-486D-B0DD-00A682CE7F63}.Release|Any CPU.ActiveCfg = Release|Any CPU
		{84AB5C9B-6A4A-486D-B0DD-00A682CE7F63}.Release|Any CPU.Build.0 = Release|Any CPU
		{BDFF1A64-B2BD-419E-A94D-E76C93CD1DFD}.Debug|Any CPU.ActiveCfg = Debug|Any CPU
		{BDFF1A64-B2BD-419E-A94D-E76C93CD1DFD}.Debug|Any CPU.Build.0 = Debug|Any CPU
		{BDFF1A64-B2BD-419E-A94D-E76C93CD1DFD}.Release|Any CPU.ActiveCfg = Release|Any CPU
		{BDFF1A64-B2BD-419E-A94D-E76C93CD1DFD}.Release|Any CPU.Build.0 = Release|Any CPU
		{481D0815-3E1B-43B1-ACDD-2597699ACB66}.Debug|Any CPU.ActiveCfg = Debug|Any CPU
		{481D0815-3E1B-43B1-ACDD-2597699ACB66}.Debug|Any CPU.Build.0 = Debug|Any CPU
		{481D0815-3E1B-43B1-ACDD-2597699ACB66}.Release|Any CPU.ActiveCfg = Release|Any CPU
		{481D0815-3E1B-43B1-ACDD-2597699ACB66}.Release|Any CPU.Build.0 = Release|Any CPU
		{2ABC4A39-83E7-42BF-A53B-47B2F4173F6C}.Debug|Any CPU.ActiveCfg = Debug|Any CPU
		{2ABC4A39-83E7-42BF-A53B-47B2F4173F6C}.Debug|Any CPU.Build.0 = Debug|Any CPU
		{2ABC4A39-83E7-42BF-A53B-47B2F4173F6C}.Release|Any CPU.ActiveCfg = Release|Any CPU
		{2ABC4A39-83E7-42BF-A53B-47B2F4173F6C}.Release|Any CPU.Build.0 = Release|Any CPU
		{E3E816D9-F84D-4C44-AA91-B8E92F2F9B7D}.Debug|Any CPU.ActiveCfg = Debug|Any CPU
		{E3E816D9-F84D-4C44-AA91-B8E92F2F9B7D}.Debug|Any CPU.Build.0 = Debug|Any CPU
		{E3E816D9-F84D-4C44-AA91-B8E92F2F9B7D}.Release|Any CPU.ActiveCfg = Release|Any CPU
		{E3E816D9-F84D-4C44-AA91-B8E92F2F9B7D}.Release|Any CPU.Build.0 = Release|Any CPU
		{DC31250C-FB3E-4124-AED8-AF86F7264749}.Debug|Any CPU.ActiveCfg = Debug|Any CPU
		{DC31250C-FB3E-4124-AED8-AF86F7264749}.Debug|Any CPU.Build.0 = Debug|Any CPU
		{DC31250C-FB3E-4124-AED8-AF86F7264749}.Release|Any CPU.ActiveCfg = Release|Any CPU
		{DC31250C-FB3E-4124-AED8-AF86F7264749}.Release|Any CPU.Build.0 = Release|Any CPU
		{6A54573B-5ECD-4DF6-A5BA-3CD067513C01}.Debug|Any CPU.ActiveCfg = Debug|Any CPU
		{6A54573B-5ECD-4DF6-A5BA-3CD067513C01}.Debug|Any CPU.Build.0 = Debug|Any CPU
		{6A54573B-5ECD-4DF6-A5BA-3CD067513C01}.Release|Any CPU.ActiveCfg = Release|Any CPU
		{6A54573B-5ECD-4DF6-A5BA-3CD067513C01}.Release|Any CPU.Build.0 = Release|Any CPU
	EndGlobalSection
	GlobalSection(SolutionProperties) = preSolution
		HideSolutionNode = FALSE
	EndGlobalSection
	GlobalSection(ExtensibilityGlobals) = postSolution
		SolutionGuid = {5D68916D-8FFE-441F-B606-BAC60A10061C}
	EndGlobalSection
EndGlobal
