
Microsoft Visual Studio Solution File, Format Version 12.00
# Visual Studio Version 17
VisualStudioVersion = 17.14.36414.22 d17.14
MinimumVisualStudioVersion = 10.0.40219.1
Project("{FAE04EC0-301F-11D3-BF4B-00C04F79EFBC}") = "CSharpEgitimKampi601", "CSharpEgitimKampi601\CSharpEgitimKampi601.csproj", "{EA3B4944-644B-40E7-83CE-5DD5415D0CC8}"
EndProject
Global
	GlobalSection(SolutionConfigurationPlatforms) = preSolution
		Debug|Any CPU = Debug|Any CPU
		Release|Any CPU = Release|Any CPU
	EndGlobalSection
	GlobalSection(ProjectConfigurationPlatforms) = postSolution
		{EA3B4944-644B-40E7-83CE-5DD5415D0CC8}.Debug|Any CPU.ActiveCfg = Debug|Any CPU
		{EA3B4944-644B-40E7-83CE-5DD5415D0CC8}.Debug|Any CPU.Build.0 = Debug|Any CPU
		{EA3B4944-644B-40E7-83CE-5DD5415D0CC8}.Release|Any CPU.ActiveCfg = Release|Any CPU
		{EA3B4944-644B-40E7-83CE-5DD5415D0CC8}.Release|Any CPU.Build.0 = Release|Any CPU
	EndGlobalSection
	GlobalSection(SolutionProperties) = preSolution
		HideSolutionNode = FALSE
	EndGlobalSection
	GlobalSection(ExtensibilityGlobals) = postSolution
		SolutionGuid = {022B0FCA-80B3-444F-B20E-BB3EF1386190}
	EndGlobalSection
EndGlobal
